
Microsoft Visual Studio Solution File, Format Version 12.00
# Visual Studio Version 17
VisualStudioVersion = 17.2.32630.192
MinimumVisualStudioVersion = 10.0.40219.1
Project("{9A19103F-16F7-4668-BE54-9A1E7A4F7556}") = "API", "API\API.csproj", "{C3BEDCF3-68F3-4572-BD83-5BA859B49708}"
EndProject
Project("{9A19103F-16F7-4668-BE54-9A1E7A4F7556}") = "FeatureSwitch", "FeatureSwitch\FeatureSwitch.csproj", "{4F360917-9954-4A46-9278-4B798C4BA42E}"
EndProject
Project("{9A19103F-16F7-4668-BE54-9A1E7A4F7556}") = "WebClient", "WebClient\WebClient.csproj", "{A7E4D897-9ABA-4173-97E3-3C1BF7757310}"
EndProject
Project("{FAE04EC0-301F-11D3-BF4B-00C04F79EFBC}") = "ModelLib", "ModelLib\ModelLib.csproj", "{7D1CE426-5AC2-4F3F-92FD-853B2507F609}"
EndProject
Global
	GlobalSection(SolutionConfigurationPlatforms) = preSolution
		Debug|Any CPU = Debug|Any CPU
		Release|Any CPU = Release|Any CPU
	EndGlobalSection
	GlobalSection(ProjectConfigurationPlatforms) = postSolution
		{C3BEDCF3-68F3-4572-BD83-5BA859B49708}.Debug|Any CPU.ActiveCfg = Debug|Any CPU
		{C3BEDCF3-68F3-4572-BD83-5BA859B49708}.Debug|Any CPU.Build.0 = Debug|Any CPU
		{C3BEDCF3-68F3-4572-BD83-5BA859B49708}.Release|Any CPU.ActiveCfg = Release|Any CPU
		{C3BEDCF3-68F3-4572-BD83-5BA859B49708}.Release|Any CPU.Build.0 = Release|Any CPU
		{4F360917-9954-4A46-9278-4B798C4BA42E}.Debug|Any CPU.ActiveCfg = Debug|Any CPU
		{4F360917-9954-4A46-9278-4B798C4BA42E}.Debug|Any CPU.Build.0 = Debug|Any CPU
		{4F360917-9954-4A46-9278-4B798C4BA42E}.Release|Any CPU.ActiveCfg = Release|Any CPU
		{4F360917-9954-4A46-9278-4B798C4BA42E}.Release|Any CPU.Build.0 = Release|Any CPU
		{A7E4D897-9ABA-4173-97E3-3C1BF7757310}.Debug|Any CPU.ActiveCfg = Debug|Any CPU
		{A7E4D897-9ABA-4173-97E3-3C1BF7757310}.Debug|Any CPU.Build.0 = Debug|Any CPU
		{A7E4D897-9ABA-4173-97E3-3C1BF7757310}.Release|Any CPU.ActiveCfg = Release|Any CPU
		{A7E4D897-9ABA-4173-97E3-3C1BF7757310}.Release|Any CPU.Build.0 = Release|Any CPU
		{7D1CE426-5AC2-4F3F-92FD-853B2507F609}.Debug|Any CPU.ActiveCfg = Debug|Any CPU
		{7D1CE426-5AC2-4F3F-92FD-853B2507F609}.Debug|Any CPU.Build.0 = Debug|Any CPU
		{7D1CE426-5AC2-4F3F-92FD-853B2507F609}.Release|Any CPU.ActiveCfg = Release|Any CPU
		{7D1CE426-5AC2-4F3F-92FD-853B2507F609}.Release|Any CPU.Build.0 = Release|Any CPU
	EndGlobalSection
	GlobalSection(SolutionProperties) = preSolution
		HideSolutionNode = FALSE
	EndGlobalSection
	GlobalSection(ExtensibilityGlobals) = postSolution
		SolutionGuid = {C6E8AF31-E2A2-47E8-8645-DA7F00EB60E5}
	EndGlobalSection
EndGlobal
